// !$*UTF8*$!
{
	archiveVersion = 1;
	classes = {
	};
	objectVersion = 46;
	objects = {

/* Begin PBXBuildFile section */
		705C72E01E70B62A00A00671 /* AppDelegate.swift in Sources */ = {isa = PBXBuildFile; fileRef = 705C72DF1E70B62A00A00671 /* AppDelegate.swift */; };
		705C72E21E70B62A00A00671 /* ViewController.swift in Sources */ = {isa = PBXBuildFile; fileRef = 705C72E11E70B62A00A00671 /* ViewController.swift */; };
		705C72E51E70B62A00A00671 /* Main.storyboard in Resources */ = {isa = PBXBuildFile; fileRef = 705C72E31E70B62A00A00671 /* Main.storyboard */; };
		705C72E81E70B62A00A00671 /* location.xcdatamodeld in Sources */ = {isa = PBXBuildFile; fileRef = 705C72E61E70B62A00A00671 /* location.xcdatamodeld */; };
		705C72EA1E70B62A00A00671 /* Assets.xcassets in Resources */ = {isa = PBXBuildFile; fileRef = 705C72E91E70B62A00A00671 /* Assets.xcassets */; };
		705C72ED1E70B62A00A00671 /* LaunchScreen.storyboard in Resources */ = {isa = PBXBuildFile; fileRef = 705C72EB1E70B62A00A00671 /* LaunchScreen.storyboard */; };
/* End PBXBuildFile section */

/* Begin PBXFileReference section */
		705C72DC1E70B62A00A00671 /* location.app */ = {isa = PBXFileReference; explicitFileType = wrapper.application; includeInIndex = 0; path = location.app; sourceTree = BUILT_PRODUCTS_DIR; };
		705C72DF1E70B62A00A00671 /* AppDelegate.swift */ = {isa = PBXFileReference; lastKnownFileType = sourcecode.swift; path = AppDelegate.swift; sourceTree = "<group>"; };
		705C72E11E70B62A00A00671 /* ViewController.swift */ = {isa = PBXFileReference; lastKnownFileType = sourcecode.swift; path = ViewController.swift; sourceTree = "<group>"; };
		705C72E41E70B62A00A00671 /* Base */ = {isa = PBXFileReference; lastKnownFileType = file.storyboard; name = Base; path = Base.lproj/Main.storyboard; sourceTree = "<group>"; };
		705C72E71E70B62A00A00671 /* location.xcdatamodel */ = {isa = PBXFileReference; lastKnownFileType = wrapper.xcdatamodel; path = location.xcdatamodel; sourceTree = "<group>"; };
		705C72E91E70B62A00A00671 /* Assets.xcassets */ = {isa = PBXFileReference; lastKnownFileType = folder.assetcatalog; path = Assets.xcassets; sourceTree = "<group>"; };
		705C72EC1E70B62A00A00671 /* Base */ = {isa = PBXFileReference; lastKnownFileType = file.storyboard; name = Base; path = Base.lproj/LaunchScreen.storyboard; sourceTree = "<group>"; };
		705C72EE1E70B62A00A00671 /* Info.plist */ = {isa = PBXFileReference; lastKnownFileType = text.plist.xml; path = Info.plist; sourceTree = "<group>"; };
/* End PBXFileReference section */

/* Begin PBXFrameworksBuildPhase section */
		705C72D91E70B62A00A00671 /* Frameworks */ = {
			isa = PBXFrameworksBuildPhase;
			buildActionMask = 2147483647;
			files = (
			);
			runOnlyForDeploymentPostprocessing = 0;
		};
/* End PBXFrameworksBuildPhase section */

/* Begin PBXGroup section */
		705C72D31E70B62A00A00671 = {
			isa = PBXGroup;
			children = (
				705C72DE1E70B62A00A00671 /* location */,
				705C72DD1E70B62A00A00671 /* Products */,
			);
			sourceTree = "<group>";
		};
		705C72DD1E70B62A00A00671 /* Products */ = {
			isa = PBXGroup;
			children = (
				705C72DC1E70B62A00A00671 /* location.app */,
			);
			name = Products;
			sourceTree = "<group>";
		};
		705C72DE1E70B62A00A00671 /* location */ = {
			isa = PBXGroup;
			children = (
				705C72DF1E70B62A00A00671 /* AppDelegate.swift */,
				705C72E11E70B62A00A00671 /* ViewController.swift */,
				705C72E31E70B62A00A00671 /* Main.storyboard */,
				705C72E91E70B62A00A00671 /* Assets.xcassets */,
				705C72EB1E70B62A00A00671 /* LaunchScreen.storyboard */,
				705C72EE1E70B62A00A00671 /* Info.plist */,
				705C72E61E70B62A00A00671 /* location.xcdatamodeld */,
			);
			path = location;
			sourceTree = "<group>";
		};
/* End PBXGroup section */

/* Begin PBXNativeTarget section */
		705C72DB1E70B62A00A00671 /* location */ = {
			isa = PBXNativeTarget;
			buildConfigurationList = 705C72F11E70B62A00A00671 /* Build configuration list for PBXNativeTarget "location" */;
			buildPhases = (
				705C72D81E70B62A00A00671 /* Sources */,
				705C72D91E70B62A00A00671 /* Frameworks */,
				705C72DA1E70B62A00A00671 /* Resources */,
			);
			buildRules = (
			);
			dependencies = (
			);
			name = location;
			productName = location;
			productReference = 705C72DC1E70B62A00A00671 /* location.app */;
			productType = "com.apple.product-type.application";
		};
/* End PBXNativeTarget section */

/* Begin PBXProject section */
		705C72D41E70B62A00A00671 /* Project object */ = {
			isa = PBXProject;
			attributes = {
				LastSwiftUpdateCheck = 0820;
				LastUpgradeCheck = 0820;
				ORGANIZATIONNAME = me;
				TargetAttributes = {
					705C72DB1E70B62A00A00671 = {
						CreatedOnToolsVersion = 8.2.1;
						DevelopmentTeam = 5GKJXKA9NC;
						ProvisioningStyle = Automatic;
					};
				};
			};
			buildConfigurationList = 705C72D71E70B62A00A00671 /* Build configuration list for PBXProject "location" */;
			compatibilityVersion = "Xcode 3.2";
			developmentRegion = English;
			hasScannedForEncodings = 0;
			knownRegions = (
				en,
				Base,
			);
			mainGroup = 705C72D31E70B62A00A00671;
			productRefGroup = 705C72DD1E70B62A00A00671 /* Products */;
			projectDirPath = "";
			projectRoot = "";
			targets = (
				705C72DB1E70B62A00A00671 /* location */,
			);
		};
/* End PBXProject section */

/* Begin PBXResourcesBuildPhase section */
		705C72DA1E70B62A00A00671 /* Resources */ = {
			isa = PBXResourcesBuildPhase;
			buildActionMask = 2147483647;
			files = (
				705C72ED1E70B62A00A00671 /* LaunchScreen.storyboard in Resources */,
				705C72EA1E70B62A00A00671 /* Assets.xcassets in Resources */,
				705C72E51E70B62A00A00671 /* Main.storyboard in Resources */,
			);
			runOnlyForDeploymentPostprocessing = 0;
		};
/* End PBXResourcesBuildPhase section */

/* Begin PBXSourcesBuildPhase section */
		705C72D81E70B62A00A00671 /* Sources */ = {
			isa = PBXSourcesBuildPhase;
			buildActionMask = 2147483647;
			files = (
				705C72E21E70B62A00A00671 /* ViewController.swift in Sources */,
				705C72E81E70B62A00A00671 /* location.xcdatamodeld in Sources */,
				705C72E01E70B62A00A00671 /* AppDelegate.swift in Sources */,
			);
			runOnlyForDeploymentPostprocessing = 0;
		};
/* End PBXSourcesBuildPhase section */

/* Begin PBXVariantGroup section */
		705C72E31E70B62A00A00671 /* Main.storyboard */ = {
			isa = PBXVariantGroup;
			children = (
				705C72E41E70B62A00A00671 /* Base */,
			);
			name = Main.storyboard;
			sourceTree = "<group>";
		};
		705C72EB1E70B62A00A00671 /* LaunchScreen.storyboard */ = {
			isa = PBXVariantGroup;
			children = (
				705C72EC1E70B62A00A00671 /* Base */,
			);
			name = LaunchScreen.storyboard;
			sourceTree = "<group>";
		};
/* End PBXVariantGroup section */

/* Begin XCBuildConfiguration section */
		705C72EF1E70B62A00A00671 /* Debug */ = {
			isa = XCBuildConfiguration;
			buildSettings = {
				ALWAYS_SEARCH_USER_PATHS = NO;
				CLANG_ANALYZER_NONNULL = YES;
				CLANG_CXX_LANGUAGE_STANDARD = "gnu++0x";
				CLANG_CXX_LIBRARY = "libc++";
				CLANG_ENABLE_MODULES = YES;
				CLANG_ENABLE_OBJC_ARC = YES;
				CLANG_WARN_BOOL_CONVERSION = YES;
				CLANG_WARN_CONSTANT_CONVERSION = YES;
				CLANG_WARN_DIRECT_OBJC_ISA_USAGE = YES_ERROR;
				CLANG_WARN_DOCUMENTATION_COMMENTS = YES;
				CLANG_WARN_EMPTY_BODY = YES;
				CLANG_WARN_ENUM_CONVERSION = YES;
				CLANG_WARN_INFINITE_RECURSION = YES;
				CLANG_WARN_INT_CONVERSION = YES;
				CLANG_WARN_OBJC_ROOT_CLASS = YES_ERROR;
				CLANG_WARN_SUSPICIOUS_MOVE = YES;
				CLANG_WARN_UNREACHABLE_CODE = YES;
				CLANG_WARN__DUPLICATE_METHOD_MATCH = YES;
				"CODE_SIGN_IDENTITY[sdk=iphoneos*]" = "iPhone Developer";
				COPY_PHASE_STRIP = NO;
				DEBUG_INFORMATION_FORMAT = dwarf;
				ENABLE_STRICT_OBJC_MSGSEND = YES;
				ENABLE_TESTABILITY = YES;
				GCC_C_LANGUAGE_STANDARD = gnu99;
				GCC_DYNAMIC_NO_PIC = NO;
				GCC_NO_COMMON_BLOCKS = YES;
				GCC_OPTIMIZATION_LEVEL = 0;
				GCC_PREPROCESSOR_DEFINITIONS = (
					"DEBUG=1",
					"$(inherited)",
				);
				GCC_WARN_64_TO_32_BIT_CONVERSION = YES;
				GCC_WARN_ABOUT_RETURN_TYPE = YES_ERROR;
				GCC_WARN_UNDECLARED_SELECTOR = YES;
				GCC_WARN_UNINITIALIZED_AUTOS = YES_AGGRESSIVE;
				GCC_WARN_UNUSED_FUNCTION = YES;
				GCC_WARN_UNUSED_VARIABLE = YES;
				IPHONEOS_DEPLOYMENT_TARGET = 10.2;
				MTL_ENABLE_DEBUG_INFO = YES;
				ONLY_ACTIVE_ARCH = YES;
				SDKROOT = iphoneos;
				SWIFT_ACTIVE_COMPILATION_CONDITIONS = DEBUG;
				SWIFT_OPTIMIZATION_LEVEL = "-Onone";
			};
			name = Debug;
		};
		705C72F01E70B62A00A00671 /* Release */ = {
			isa = XCBuildConfiguration;
			buildSettings = {
				ALWAYS_SEARCH_USER_PATHS = NO;
				CLANG_ANALYZER_NONNULL = YES;
				CLANG_CXX_LANGUAGE_STANDARD = "gnu++0x";
				CLANG_CXX_LIBRARY = "libc++";
				CLANG_ENABLE_MODULES = YES;
				CLANG_ENABLE_OBJC_ARC = YES;
				CLANG_WARN_BOOL_CONVERSION = YES;
				CLANG_WARN_CONSTANT_CONVERSION = YES;
				CLANG_WARN_DIRECT_OBJC_ISA_USAGE = YES_ERROR;
				CLANG_WARN_DOCUMENTATION_COMMENTS = YES;
				CLANG_WARN_EMPTY_BODY = YES;
				CLANG_WARN_ENUM_CONVERSION = YES;
				CLANG_WARN_INFINITE_RECURSION = YES;
				CLANG_WARN_INT_CONVERSION = YES;
				CLANG_WARN_OBJC_ROOT_CLASS = YES_ERROR;
				CLANG_WARN_SUSPICIOUS_MOVE = YES;
				CLANG_WARN_UNREACHABLE_CODE = YES;
				CLANG_WARN__DUPLICATE_METHOD_MATCH = YES;
				"CODE_SIGN_IDENTITY[sdk=iphoneos*]" = "iPhone Developer";
				COPY_PHASE_STRIP = NO;
				DEBUG_INFORMATION_FORMAT = "dwarf-with-dsym";
				ENABLE_NS_ASSERTIONS = NO;
				ENABLE_STRICT_OBJC_MSGSEND = YES;
				GCC_C_LANGUAGE_STANDARD = gnu99;
				GCC_NO_COMMON_BLOCKS = YES;
				GCC_WARN_64_TO_32_BIT_CONVERSION = YES;
				GCC_WARN_ABOUT_RETURN_TYPE = YES_ERROR;
				GCC_WARN_UNDECLARED_SELECTOR = YES;
				GCC_WARN_UNINITIALIZED_AUTOS = YES_AGGRESSIVE;
				GCC_WARN_UNUSED_FUNCTION = YES;
				GCC_WARN_UNUSED_VARIABLE = YES;
				IPHONEOS_DEPLOYMENT_TARGET = 10.2;
				MTL_ENABLE_DEBUG_INFO = NO;
				SDKROOT = iphoneos;
				SWIFT_OPTIMIZATION_LEVEL = "-Owholemodule";
				VALIDATE_PRODUCT = YES;
			};
			name = Release;
		};
		705C72F21E70B62A00A00671 /* Debug */ = {
			isa = XCBuildConfiguration;
			buildSettings = {
				ASSETCATALOG_COMPILER_APPICON_NAME = AppIcon;
				DEVELOPMENT_TEAM = 5GKJXKA9NC;
				INFOPLIST_FILE = location/Info.plist;
				LD_RUNPATH_SEARCH_PATHS = "$(inherited) @executable_path/Frameworks";
				PRODUCT_BUNDLE_IDENTIFIER = com.weather.location;
				PRODUCT_NAME = "$(TARGET_NAME)";
				SWIFT_VERSION = 3.0;
			};
			name = Debug;
		};
		705C72F31E70B62A00A00671 /* Release */ = {
			isa = XCBuildConfiguration;
			buildSettings = {
				ASSETCATALOG_COMPILER_APPICON_NAME = AppIcon;
				DEVELOPMENT_TEAM = 5GKJXKA9NC;
				INFOPLIST_FILE = location/Info.plist;
				LD_RUNPATH_SEARCH_PATHS = "$(inherited) @executable_path/Frameworks";
				PRODUCT_BUNDLE_IDENTIFIER = com.weather.location;
				PRODUCT_NAME = "$(TARGET_NAME)";
				SWIFT_VERSION = 3.0;
			};
			name = Release;
		};
/* End XCBuildConfiguration section */

/* Begin XCConfigurationList section */
		705C72D71E70B62A00A00671 /* Build configuration list for PBXProject "location" */ = {
			isa = XCConfigurationList;
			buildConfigurations = (
				705C72EF1E70B62A00A00671 /* Debug */,
				705C72F01E70B62A00A00671 /* Release */,
			);
			defaultConfigurationIsVisible = 0;
			defaultConfigurationName = Release;
		};
		705C72F11E70B62A00A00671 /* Build configuration list for PBXNativeTarget "location" */ = {
			isa = XCConfigurationList;
			buildConfigurations = (
				705C72F21E70B62A00A00671 /* Debug */,
				705C72F31E70B62A00A00671 /* Release */,
			);
			defaultConfigurationIsVisible = 0;
		};
/* End XCConfigurationList section */

/* Begin XCVersionGroup section */
		705C72E61E70B62A00A00671 /* location.xcdatamodeld */ = {
			isa = XCVersionGroup;
			children = (
				705C72E71E70B62A00A00671 /* location.xcdatamodel */,
			);
			currentVersion = 705C72E71E70B62A00A00671 /* location.xcdatamodel */;
			path = location.xcdatamodeld;
			sourceTree = "<group>";
			versionGroupType = wrapper.xcdatamodel;
		};
/* End XCVersionGroup section */
	};
	rootObject = 705C72D41E70B62A00A00671 /* Project object */;
}
